
Microsoft Visual Studio Solution File, Format Version 12.00
# Visual Studio Version 16
VisualStudioVersion = 16.0.34902.97
MinimumVisualStudioVersion = 10.0.40219.1
Project("{8BC9CEB8-8B4A-11D0-8D11-00A0C91BC942}") = "1.3.1", "1.3.1\1.3.1.vcxproj", "{11F7E069-4434-4B34-B8C1-2B24F345B956}"
EndProject
Project("{8BC9CEB8-8B4A-11D0-8D11-00A0C91BC942}") = "1.3.2", "1.3.2\1.3.2.vcxproj", "{9708136E-4F32-4B75-BB21-06BF8FB7491B}"
EndProject
Project("{8BC9CEB8-8B4A-11D0-8D11-00A0C91BC942}") = "1.3.3", "1.3.3\1.3.3.vcxproj", "{FA3F34E6-AA45-4A43-8FAA-C68028E68B9F}"
EndProject
Project("{8BC9CEB8-8B4A-11D0-8D11-00A0C91BC942}") = "1.3.4", "1.3.4\1.3.4.vcxproj", "{1E64C7B7-2126-4C50-93FC-D135F1EAFBE1}"
EndProject
Project("{8BC9CEB8-8B4A-11D0-8D11-00A0C91BC942}") = "1.3.5", "1.3.5\1.3.5.vcxproj", "{4FA8AA61-B56A-4E79-85F6-2E24DD0E8703}"
EndProject
Project("{8BC9CEB8-8B4A-11D0-8D11-00A0C91BC942}") = "1.3.6", "1.3.6\1.3.6.vcxproj", "{36480F79-5775-404D-B36A-29EBF580B0B5}"
EndProject
Project("{8BC9CEB8-8B4A-11D0-8D11-00A0C91BC942}") = "1.3.7", "1.3.7\1.3.7.vcxproj", "{D8105B3F-7120-4F3B-8FE2-B7DA978684F6}"
EndProject
Project("{8BC9CEB8-8B4A-11D0-8D11-00A0C91BC942}") = "1.3.8", "1.3.8\1.3.8.vcxproj", "{00E5084D-64DE-4378-8B42-017DA6A66D22}"
EndProject
Project("{8BC9CEB8-8B4A-11D0-8D11-00A0C91BC942}") = "1.3.9", "1.3.9\1.3.9.vcxproj", "{C515D3B1-6786-4795-8D2E-44E1C79D64D2}"
EndProject
Global
	GlobalSection(SolutionConfigurationPlatforms) = preSolution
		Debug|x64 = Debug|x64
		Debug|x86 = Debug|x86
		Release|x64 = Release|x64
		Release|x86 = Release|x86
	EndGlobalSection
	GlobalSection(ProjectConfigurationPlatforms) = postSolution
		{11F7E069-4434-4B34-B8C1-2B24F345B956}.Debug|x64.ActiveCfg = Debug|x64
		{11F7E069-4434-4B34-B8C1-2B24F345B956}.Debug|x64.Build.0 = Debug|x64
		{11F7E069-4434-4B34-B8C1-2B24F345B956}.Debug|x86.ActiveCfg = Debug|Win32
		{11F7E069-4434-4B34-B8C1-2B24F345B956}.Debug|x86.Build.0 = Debug|Win32
		{11F7E069-4434-4B34-B8C1-2B24F345B956}.Release|x64.ActiveCfg = Release|x64
		{11F7E069-4434-4B34-B8C1-2B24F345B956}.Release|x64.Build.0 = Release|x64
		{11F7E069-4434-4B34-B8C1-2B24F345B956}.Release|x86.ActiveCfg = Release|Win32
		{11F7E069-4434-4B34-B8C1-2B24F345B956}.Release|x86.Build.0 = Release|Win32
		{9708136E-4F32-4B75-BB21-06BF8FB7491B}.Debug|x64.ActiveCfg = Debug|x64
		{9708136E-4F32-4B75-BB21-06BF8FB7491B}.Debug|x64.Build.0 = Debug|x64
		{9708136E-4F32-4B75-BB21-06BF8FB7491B}.Debug|x86.ActiveCfg = Debug|Win32
		{9708136E-4F32-4B75-BB21-06BF8FB7491B}.Debug|x86.Build.0 = Debug|Win32
		{9708136E-4F32-4B75-BB21-06BF8FB7491B}.Release|x64.ActiveCfg = Release|x64
		{9708136E-4F32-4B75-BB21-06BF8FB7491B}.Release|x64.Build.0 = Release|x64
		{9708136E-4F32-4B75-BB21-06BF8FB7491B}.Release|x86.ActiveCfg = Release|Win32
		{9708136E-4F32-4B75-BB21-06BF8FB7491B}.Release|x86.Build.0 = Release|Win32
		{FA3F34E6-AA45-4A43-8FAA-C68028E68B9F}.Debug|x64.ActiveCfg = Debug|x64
		{FA3F34E6-AA45-4A43-8FAA-C68028E68B9F}.Debug|x64.Build.0 = Debug|x64
		{FA3F34E6-AA45-4A43-8FAA-C68028E68B9F}.Debug|x86.ActiveCfg = Debug|Win32
		{FA3F34E6-AA45-4A43-8FAA-C68028E68B9F}.Debug|x86.Build.0 = Debug|Win32
		{FA3F34E6-AA45-4A43-8FAA-C68028E68B9F}.Release|x64.ActiveCfg = Release|x64
		{FA3F34E6-AA45-4A43-8FAA-C68028E68B9F}.Release|x64.Build.0 = Release|x64
		{FA3F34E6-AA45-4A43-8FAA-C68028E68B9F}.Release|x86.ActiveCfg = Release|Win32
		{FA3F34E6-AA45-4A43-8FAA-C68028E68B9F}.Release|x86.Build.0 = Release|Win32
		{1E64C7B7-2126-4C50-93FC-D135F1EAFBE1}.Debug|x64.ActiveCfg = Debug|x64
		{1E64C7B7-2126-4C50-93FC-D135F1EAFBE1}.Debug|x64.Build.0 = Debug|x64
		{1E64C7B7-2126-4C50-93FC-D135F1EAFBE1}.Debug|x86.ActiveCfg = Debug|Win32
		{1E64C7B7-2126-4C50-93FC-D135F1EAFBE1}.Debug|x86.Build.0 = Debug|Win32
		{1E64C7B7-2126-4C50-93FC-D135F1EAFBE1}.Release|x64.ActiveCfg = Release|x64
		{1E64C7B7-2126-4C50-93FC-D135F1EAFBE1}.Release|x64.Build.0 = Release|x64
		{1E64C7B7-2126-4C50-93FC-D135F1EAFBE1}.Release|x86.ActiveCfg = Release|Win32
		{1E64C7B7-2126-4C50-93FC-D135F1EAFBE1}.Release|x86.Build.0 = Release|Win32
		{4FA8AA61-B56A-4E79-85F6-2E24DD0E8703}.Debug|x64.ActiveCfg = Debug|x64
		{4FA8AA61-B56A-4E79-85F6-2E24DD0E8703}.Debug|x64.Build.0 = Debug|x64
		{4FA8AA61-B56A-4E79-85F6-2E24DD0E8703}.Debug|x86.ActiveCfg = Debug|Win32
		{4FA8AA61-B56A-4E79-85F6-2E24DD0E8703}.Debug|x86.Build.0 = Debug|Win32
		{4FA8AA61-B56A-4E79-85F6-2E24DD0E8703}.Release|x64.ActiveCfg = Release|x64
		{4FA8AA61-B56A-4E79-85F6-2E24DD0E8703}.Release|x64.Build.0 = Release|x64
		{4FA8AA61-B56A-4E79-85F6-2E24DD0E8703}.Release|x86.ActiveCfg = Release|Win32
		{4FA8AA61-B56A-4E79-85F6-2E24DD0E8703}.Release|x86.Build.0 = Release|Win32
		{36480F79-5775-404D-B36A-29EBF580B0B5}.Debug|x64.ActiveCfg = Debug|x64
		{36480F79-5775-404D-B36A-29EBF580B0B5}.Debug|x64.Build.0 = Debug|x64
		{36480F79-5775-404D-B36A-29EBF580B0B5}.Debug|x86.ActiveCfg = Debug|Win32
		{36480F79-5775-404D-B36A-29EBF580B0B5}.Debug|x86.Build.0 = Debug|Win32
		{36480F79-5775-404D-B36A-29EBF580B0B5}.Release|x64.ActiveCfg = Release|x64
		{36480F79-5775-404D-B36A-29EBF580B0B5}.Release|x64.Build.0 = Release|x64
		{36480F79-5775-404D-B36A-29EBF580B0B5}.Release|x86.ActiveCfg = Release|Win32
		{36480F79-5775-404D-B36A-29EBF580B0B5}.Release|x86.Build.0 = Release|Win32
		{D8105B3F-7120-4F3B-8FE2-B7DA978684F6}.Debug|x64.ActiveCfg = Debug|x64
		{D8105B3F-7120-4F3B-8FE2-B7DA978684F6}.Debug|x64.Build.0 = Debug|x64
		{D8105B3F-7120-4F3B-8FE2-B7DA978684F6}.Debug|x86.ActiveCfg = Debug|Win32
		{D8105B3F-7120-4F3B-8FE2-B7DA978684F6}.Debug|x86.Build.0 = Debug|Win32
		{D8105B3F-7120-4F3B-8FE2-B7DA978684F6}.Release|x64.ActiveCfg = Release|x64
		{D8105B3F-7120-4F3B-8FE2-B7DA978684F6}.Release|x64.Build.0 = Release|x64
		{D8105B3F-7120-4F3B-8FE2-B7DA978684F6}.Release|x86.ActiveCfg = Release|Win32
		{D8105B3F-7120-4F3B-8FE2-B7DA978684F6}.Release|x86.Build.0 = Release|Win32
		{00E5084D-64DE-4378-8B42-017DA6A66D22}.Debug|x64.ActiveCfg = Debug|x64
		{00E5084D-64DE-4378-8B42-017DA6A66D22}.Debug|x64.Build.0 = Debug|x64
		{00E5084D-64DE-4378-8B42-017DA6A66D22}.Debug|x86.ActiveCfg = Debug|Win32
		{00E5084D-64DE-4378-8B42-017DA6A66D22}.Debug|x86.Build.0 = Debug|Win32
		{00E5084D-64DE-4378-8B42-017DA6A66D22}.Release|x64.ActiveCfg = Release|x64
		{00E5084D-64DE-4378-8B42-017DA6A66D22}.Release|x64.Build.0 = Release|x64
		{00E5084D-64DE-4378-8B42-017DA6A66D22}.Release|x86.ActiveCfg = Release|Win32
		{00E5084D-64DE-4378-8B42-017DA6A66D22}.Release|x86.Build.0 = Release|Win32
		{C515D3B1-6786-4795-8D2E-44E1C79D64D2}.Debug|x64.ActiveCfg = Debug|x64
		{C515D3B1-6786-4795-8D2E-44E1C79D64D2}.Debug|x64.Build.0 = Debug|x64
		{C515D3B1-6786-4795-8D2E-44E1C79D64D2}.Debug|x86.ActiveCfg = Debug|Win32
		{C515D3B1-6786-4795-8D2E-44E1C79D64D2}.Debug|x86.Build.0 = Debug|Win32
		{C515D3B1-6786-4795-8D2E-44E1C79D64D2}.Release|x64.ActiveCfg = Release|x64
		{C515D3B1-6786-4795-8D2E-44E1C79D64D2}.Release|x64.Build.0 = Release|x64
		{C515D3B1-6786-4795-8D2E-44E1C79D64D2}.Release|x86.ActiveCfg = Release|Win32
		{C515D3B1-6786-4795-8D2E-44E1C79D64D2}.Release|x86.Build.0 = Release|Win32
	EndGlobalSection
	GlobalSection(SolutionProperties) = preSolution
		HideSolutionNode = FALSE
	EndGlobalSection
	GlobalSection(ExtensibilityGlobals) = postSolution
		SolutionGuid = {8E03A48F-CB34-471D-8CE7-7150E21CE4E3}
	EndGlobalSection
EndGlobal
